
Microsoft Visual Studio Solution File, Format Version 12.00
# Visual Studio Version 16
VisualStudioVersion = 16.0.29609.76
MinimumVisualStudioVersion = 10.0.40219.1
Project("{FAE04EC0-301F-11D3-BF4B-00C04F79EFBC}") = "Kalkulator", "Kalkulator\Kalkulator.csproj", "{4AA82076-6797-4D01-ABDD-0F015773FEAA}"
EndProject
Global
	GlobalSection(SolutionConfigurationPlatforms) = preSolution
		Debug|Any CPU = Debug|Any CPU
		Release|Any CPU = Release|Any CPU
	EndGlobalSection
	GlobalSection(ProjectConfigurationPlatforms) = postSolution
		{4AA82076-6797-4D01-ABDD-0F015773FEAA}.Debug|Any CPU.ActiveCfg = Debug|Any CPU
		{4AA82076-6797-4D01-ABDD-0F015773FEAA}.Debug|Any CPU.Build.0 = Debug|Any CPU
		{4AA82076-6797-4D01-ABDD-0F015773FEAA}.Release|Any CPU.ActiveCfg = Release|Any CPU
		{4AA82076-6797-4D01-ABDD-0F015773FEAA}.Release|Any CPU.Build.0 = Release|Any CPU
	EndGlobalSection
	GlobalSection(SolutionProperties) = preSolution
		HideSolutionNode = FALSE
	EndGlobalSection
	GlobalSection(ExtensibilityGlobals) = postSolution
		SolutionGuid = {FED60ADC-50AC-43DE-A610-809BA46E2206}
	EndGlobalSection
EndGlobal
